
Microsoft Visual Studio Solution File, Format Version 12.00
# Visual Studio Version 16
VisualStudioVersion = 16.0.30114.105
MinimumVisualStudioVersion = 10.0.40219.1
Project("{FAE04EC0-301F-11D3-BF4B-00C04F79EFBC}") = "Technical Test for Internship", "Technical Test for Internship\Technical Test for Internship.csproj", "{70FEBB9A-1BFB-42DA-97D6-3458AE2359A4}"
EndProject
Global
	GlobalSection(SolutionConfigurationPlatforms) = preSolution
		Debug|Any CPU = Debug|Any CPU
		Release|Any CPU = Release|Any CPU
	EndGlobalSection
	GlobalSection(ProjectConfigurationPlatforms) = postSolution
		{70FEBB9A-1BFB-42DA-97D6-3458AE2359A4}.Debug|Any CPU.ActiveCfg = Debug|Any CPU
		{70FEBB9A-1BFB-42DA-97D6-3458AE2359A4}.Debug|Any CPU.Build.0 = Debug|Any CPU
		{70FEBB9A-1BFB-42DA-97D6-3458AE2359A4}.Release|Any CPU.ActiveCfg = Release|Any CPU
		{70FEBB9A-1BFB-42DA-97D6-3458AE2359A4}.Release|Any CPU.Build.0 = Release|Any CPU
	EndGlobalSection
	GlobalSection(SolutionProperties) = preSolution
		HideSolutionNode = FALSE
	EndGlobalSection
	GlobalSection(ExtensibilityGlobals) = postSolution
		SolutionGuid = {B929A35B-1C4E-4205-ADDC-DC5C34794CB3}
	EndGlobalSection
EndGlobal
